
Microsoft Visual Studio Solution File, Format Version 12.00
# Visual Studio Version 16
VisualStudioVersion = 16.0.31424.327
MinimumVisualStudioVersion = 10.0.40219.1
Project("{8BC9CEB8-8B4A-11D0-8D11-00A0C91BC942}") = "vulkan_api_tut_revision", "vulkan_api_tut_revision\vulkan_api_tut_revision.vcxproj", "{125414EE-5C96-4F1E-8428-C03BD85CB865}"
EndProject
Global
	GlobalSection(SolutionConfigurationPlatforms) = preSolution
		Debug|x64 = Debug|x64
		Debug|x86 = Debug|x86
		Release|x64 = Release|x64
		Release|x86 = Release|x86
	EndGlobalSection
	GlobalSection(ProjectConfigurationPlatforms) = postSolution
		{125414EE-5C96-4F1E-8428-C03BD85CB865}.Debug|x64.ActiveCfg = Debug|x64
		{125414EE-5C96-4F1E-8428-C03BD85CB865}.Debug|x64.Build.0 = Debug|x64
		{125414EE-5C96-4F1E-8428-C03BD85CB865}.Debug|x86.ActiveCfg = Debug|Win32
		{125414EE-5C96-4F1E-8428-C03BD85CB865}.Debug|x86.Build.0 = Debug|Win32
		{125414EE-5C96-4F1E-8428-C03BD85CB865}.Release|x64.ActiveCfg = Release|x64
		{125414EE-5C96-4F1E-8428-C03BD85CB865}.Release|x64.Build.0 = Release|x64
		{125414EE-5C96-4F1E-8428-C03BD85CB865}.Release|x86.ActiveCfg = Release|Win32
		{125414EE-5C96-4F1E-8428-C03BD85CB865}.Release|x86.Build.0 = Release|Win32
	EndGlobalSection
	GlobalSection(SolutionProperties) = preSolution
		HideSolutionNode = FALSE
	EndGlobalSection
	GlobalSection(ExtensibilityGlobals) = postSolution
		SolutionGuid = {F538480C-CF6D-4B29-90AB-9B52DC9FC128}
	EndGlobalSection
EndGlobal
